
Microsoft Visual Studio Solution File, Format Version 12.00
# Visual Studio Version 16
VisualStudioVersion = 16.0.30225.117
MinimumVisualStudioVersion = 10.0.40219.1
Project("{9A19103F-16F7-4668-BE54-9A1E7A4F7556}") = "IdentityBasics", "IdentityBasics\IdentityBasics.csproj", "{36F48739-F164-4DB8-9EB3-7F8C54F6524E}"
EndProject
Project("{FAE04EC0-301F-11D3-BF4B-00C04F79EFBC}") = "AuthIdentity", "AuthIdentity\AuthIdentity.csproj", "{9FE2B4FF-1DA6-49F7-BC54-C61E4714D4C1}"
EndProject
Global
	GlobalSection(SolutionConfigurationPlatforms) = preSolution
		Debug|Any CPU = Debug|Any CPU
		Release|Any CPU = Release|Any CPU
	EndGlobalSection
	GlobalSection(ProjectConfigurationPlatforms) = postSolution
		{36F48739-F164-4DB8-9EB3-7F8C54F6524E}.Debug|Any CPU.ActiveCfg = Debug|Any CPU
		{36F48739-F164-4DB8-9EB3-7F8C54F6524E}.Debug|Any CPU.Build.0 = Debug|Any CPU
		{36F48739-F164-4DB8-9EB3-7F8C54F6524E}.Release|Any CPU.ActiveCfg = Release|Any CPU
		{36F48739-F164-4DB8-9EB3-7F8C54F6524E}.Release|Any CPU.Build.0 = Release|Any CPU
		{9FE2B4FF-1DA6-49F7-BC54-C61E4714D4C1}.Debug|Any CPU.ActiveCfg = Debug|Any CPU
		{9FE2B4FF-1DA6-49F7-BC54-C61E4714D4C1}.Debug|Any CPU.Build.0 = Debug|Any CPU
		{9FE2B4FF-1DA6-49F7-BC54-C61E4714D4C1}.Release|Any CPU.ActiveCfg = Release|Any CPU
		{9FE2B4FF-1DA6-49F7-BC54-C61E4714D4C1}.Release|Any CPU.Build.0 = Release|Any CPU
	EndGlobalSection
	GlobalSection(SolutionProperties) = preSolution
		HideSolutionNode = FALSE
	EndGlobalSection
	GlobalSection(ExtensibilityGlobals) = postSolution
		SolutionGuid = {8B6A6165-608A-45D5-A296-4F6BE3C2828D}
	EndGlobalSection
EndGlobal
